
Microsoft Visual Studio Solution File, Format Version 12.00
# Visual Studio Version 16
VisualStudioVersion = 16.0.30011.22
MinimumVisualStudioVersion = 10.0.40219.1
Project("{FAE04EC0-301F-11D3-BF4B-00C04F79EFBC}") = "MessageX", "MessageX.csproj", "{A022FA71-B4DF-4611-9F6D-F9D46A8C388C}"
EndProject
Global
	GlobalSection(SolutionConfigurationPlatforms) = preSolution
		Debug|Any CPU = Debug|Any CPU
		Release|Any CPU = Release|Any CPU
	EndGlobalSection
	GlobalSection(ProjectConfigurationPlatforms) = postSolution
		{A022FA71-B4DF-4611-9F6D-F9D46A8C388C}.Debug|Any CPU.ActiveCfg = Debug|Any CPU
		{A022FA71-B4DF-4611-9F6D-F9D46A8C388C}.Debug|Any CPU.Build.0 = Debug|Any CPU
		{A022FA71-B4DF-4611-9F6D-F9D46A8C388C}.Release|Any CPU.ActiveCfg = Release|Any CPU
		{A022FA71-B4DF-4611-9F6D-F9D46A8C388C}.Release|Any CPU.Build.0 = Release|Any CPU
	EndGlobalSection
	GlobalSection(SolutionProperties) = preSolution
		HideSolutionNode = FALSE
	EndGlobalSection
	GlobalSection(ExtensibilityGlobals) = postSolution
		SolutionGuid = {47C47CB4-A44B-42BD-9745-4BF0823E008D}
	EndGlobalSection
EndGlobal
